
Microsoft Visual Studio Solution File, Format Version 12.00
# Visual Studio 15
VisualStudioVersion = 15.0.28010.2003
MinimumVisualStudioVersion = 10.0.40219.1
Project("{FAE04EC0-301F-11D3-BF4B-00C04F79EFBC}") = "Store", "Store\Store.csproj", "{76F9B5E4-E957-4271-B1D3-5D6B949FCD6A}"
EndProject
Global
	GlobalSection(SolutionConfigurationPlatforms) = preSolution
		Debug|Any CPU = Debug|Any CPU
		Release|Any CPU = Release|Any CPU
	EndGlobalSection
	GlobalSection(ProjectConfigurationPlatforms) = postSolution
		{76F9B5E4-E957-4271-B1D3-5D6B949FCD6A}.Debug|Any CPU.ActiveCfg = Debug|Any CPU
		{76F9B5E4-E957-4271-B1D3-5D6B949FCD6A}.Debug|Any CPU.Build.0 = Debug|Any CPU
		{76F9B5E4-E957-4271-B1D3-5D6B949FCD6A}.Release|Any CPU.ActiveCfg = Release|Any CPU
		{76F9B5E4-E957-4271-B1D3-5D6B949FCD6A}.Release|Any CPU.Build.0 = Release|Any CPU
	EndGlobalSection
	GlobalSection(SolutionProperties) = preSolution
		HideSolutionNode = FALSE
	EndGlobalSection
	GlobalSection(ExtensibilityGlobals) = postSolution
		SolutionGuid = {7A148C57-6651-4D06-8EF5-92FD154C8AB8}
	EndGlobalSection
EndGlobal
